
Microsoft Visual Studio Solution File, Format Version 12.00
Project("{FAE04EC0-301F-11D3-BF4B-00C04F79EFBC}") = "NxPlx.Infrastructure.Database", "NxPlx.Infrastructure.Database\NxPlx.Infrastructure.Database.csproj", "{EEDF876C-DDE3-48C2-8B05-9EB312705ED8}"
EndProject
Project("{FAE04EC0-301F-11D3-BF4B-00C04F79EFBC}") = "NxPlx.Models", "NxPlx.Models\NxPlx.Models.csproj", "{92CA0DD6-FC93-4263-8CE1-C9201B6F86BC}"
EndProject
Project("{FAE04EC0-301F-11D3-BF4B-00C04F79EFBC}") = "NxPlx.Services.Indexing", "NxPlx.Services.Indexing\NxPlx.Services.Indexing.csproj", "{E056F05E-69B2-4B52-BCFD-074AC70B589D}"
EndProject
Project("{FAE04EC0-301F-11D3-BF4B-00C04F79EFBC}") = "NxPlx.Application.Models", "NxPlx.Application.Models\NxPlx.Application.Models.csproj", "{A13FCD67-45B1-4D42-B39F-622D558CDE57}"
EndProject
Project("{FAE04EC0-301F-11D3-BF4B-00C04F79EFBC}") = "NxPlx.Infrastructure.Broadcasting", "NxPlx.Infrastructure.Broadcasting\NxPlx.Infrastructure.Broadcasting.csproj", "{57188167-8274-417D-978B-507AFBDD214F}"
EndProject
Project("{FAE04EC0-301F-11D3-BF4B-00C04F79EFBC}") = "NxPlx.Integrations.TMDb", "NxPlx.Integrations.TMDb\NxPlx.Integrations.TMDb.csproj", "{C66555F7-87AD-4EAF-9EF4-84331EF01F8C}"
EndProject
Project("{FAE04EC0-301F-11D3-BF4B-00C04F79EFBC}") = "NxPlx.Services.Indexing.Tests", "NxPlx.Services.Indexing.Tests\NxPlx.Services.Indexing.Tests.csproj", "{7474A643-73D2-4333-84DB-DDABB7318856}"
EndProject
Project("{FAE04EC0-301F-11D3-BF4B-00C04F79EFBC}") = "NxPlx.Services.Core", "NxPlx.Services.Core\NxPlx.Services.Core.csproj", "{2F945733-6917-4CF8-8228-F7356198C37E}"
EndProject
Project("{FAE04EC0-301F-11D3-BF4B-00C04F79EFBC}") = "NxPlx.ApplicationHost.Api", "NxPlx.ApplicationHost.Api\NxPlx.ApplicationHost.Api.csproj", "{31583ED4-5CFA-44A3-B810-7EAE7F954F02}"
EndProject
Project("{FAE04EC0-301F-11D3-BF4B-00C04F79EFBC}") = "NxPlx.Application.Core", "NxPlx.Application.Core\NxPlx.Application.Core.csproj", "{E4C53733-D53F-4B39-BEF9-A5D96714F4DA}"
EndProject
Project("{FAE04EC0-301F-11D3-BF4B-00C04F79EFBC}") = "NxPlx.Application.Mapping", "NxPlx.Application.Mapping\NxPlx.Application.Mapping.csproj", "{CF4DA1CD-A303-49C4-9DE2-446856334A74}"
EndProject
Global
	GlobalSection(SolutionConfigurationPlatforms) = preSolution
		Debug|Any CPU = Debug|Any CPU
		Release|Any CPU = Release|Any CPU
	EndGlobalSection
	GlobalSection(ProjectConfigurationPlatforms) = postSolution
		{EEDF876C-DDE3-48C2-8B05-9EB312705ED8}.Debug|Any CPU.ActiveCfg = Debug|Any CPU
		{EEDF876C-DDE3-48C2-8B05-9EB312705ED8}.Debug|Any CPU.Build.0 = Debug|Any CPU
		{EEDF876C-DDE3-48C2-8B05-9EB312705ED8}.Release|Any CPU.ActiveCfg = Release|Any CPU
		{EEDF876C-DDE3-48C2-8B05-9EB312705ED8}.Release|Any CPU.Build.0 = Release|Any CPU
		{92CA0DD6-FC93-4263-8CE1-C9201B6F86BC}.Debug|Any CPU.ActiveCfg = Debug|Any CPU
		{92CA0DD6-FC93-4263-8CE1-C9201B6F86BC}.Debug|Any CPU.Build.0 = Debug|Any CPU
		{92CA0DD6-FC93-4263-8CE1-C9201B6F86BC}.Release|Any CPU.ActiveCfg = Release|Any CPU
		{92CA0DD6-FC93-4263-8CE1-C9201B6F86BC}.Release|Any CPU.Build.0 = Release|Any CPU
		{E056F05E-69B2-4B52-BCFD-074AC70B589D}.Debug|Any CPU.ActiveCfg = Debug|Any CPU
		{E056F05E-69B2-4B52-BCFD-074AC70B589D}.Debug|Any CPU.Build.0 = Debug|Any CPU
		{E056F05E-69B2-4B52-BCFD-074AC70B589D}.Release|Any CPU.ActiveCfg = Release|Any CPU
		{E056F05E-69B2-4B52-BCFD-074AC70B589D}.Release|Any CPU.Build.0 = Release|Any CPU
		{A13FCD67-45B1-4D42-B39F-622D558CDE57}.Debug|Any CPU.ActiveCfg = Debug|Any CPU
		{A13FCD67-45B1-4D42-B39F-622D558CDE57}.Debug|Any CPU.Build.0 = Debug|Any CPU
		{A13FCD67-45B1-4D42-B39F-622D558CDE57}.Release|Any CPU.ActiveCfg = Release|Any CPU
		{A13FCD67-45B1-4D42-B39F-622D558CDE57}.Release|Any CPU.Build.0 = Release|Any CPU
		{57188167-8274-417D-978B-507AFBDD214F}.Debug|Any CPU.ActiveCfg = Debug|Any CPU
		{57188167-8274-417D-978B-507AFBDD214F}.Debug|Any CPU.Build.0 = Debug|Any CPU
		{57188167-8274-417D-978B-507AFBDD214F}.Release|Any CPU.ActiveCfg = Release|Any CPU
		{57188167-8274-417D-978B-507AFBDD214F}.Release|Any CPU.Build.0 = Release|Any CPU
		{C66555F7-87AD-4EAF-9EF4-84331EF01F8C}.Debug|Any CPU.ActiveCfg = Debug|Any CPU
		{C66555F7-87AD-4EAF-9EF4-84331EF01F8C}.Debug|Any CPU.Build.0 = Debug|Any CPU
		{C66555F7-87AD-4EAF-9EF4-84331EF01F8C}.Release|Any CPU.ActiveCfg = Release|Any CPU
		{C66555F7-87AD-4EAF-9EF4-84331EF01F8C}.Release|Any CPU.Build.0 = Release|Any CPU
		{7474A643-73D2-4333-84DB-DDABB7318856}.Debug|Any CPU.ActiveCfg = Debug|Any CPU
		{7474A643-73D2-4333-84DB-DDABB7318856}.Debug|Any CPU.Build.0 = Debug|Any CPU
		{7474A643-73D2-4333-84DB-DDABB7318856}.Release|Any CPU.ActiveCfg = Release|Any CPU
		{7474A643-73D2-4333-84DB-DDABB7318856}.Release|Any CPU.Build.0 = Release|Any CPU
		{2F945733-6917-4CF8-8228-F7356198C37E}.Debug|Any CPU.ActiveCfg = Debug|Any CPU
		{2F945733-6917-4CF8-8228-F7356198C37E}.Debug|Any CPU.Build.0 = Debug|Any CPU
		{2F945733-6917-4CF8-8228-F7356198C37E}.Release|Any CPU.ActiveCfg = Release|Any CPU
		{2F945733-6917-4CF8-8228-F7356198C37E}.Release|Any CPU.Build.0 = Release|Any CPU
		{31583ED4-5CFA-44A3-B810-7EAE7F954F02}.Debug|Any CPU.ActiveCfg = Debug|Any CPU
		{31583ED4-5CFA-44A3-B810-7EAE7F954F02}.Debug|Any CPU.Build.0 = Debug|Any CPU
		{31583ED4-5CFA-44A3-B810-7EAE7F954F02}.Release|Any CPU.ActiveCfg = Release|Any CPU
		{31583ED4-5CFA-44A3-B810-7EAE7F954F02}.Release|Any CPU.Build.0 = Release|Any CPU
		{E4C53733-D53F-4B39-BEF9-A5D96714F4DA}.Debug|Any CPU.ActiveCfg = Debug|Any CPU
		{E4C53733-D53F-4B39-BEF9-A5D96714F4DA}.Debug|Any CPU.Build.0 = Debug|Any CPU
		{E4C53733-D53F-4B39-BEF9-A5D96714F4DA}.Release|Any CPU.ActiveCfg = Release|Any CPU
		{E4C53733-D53F-4B39-BEF9-A5D96714F4DA}.Release|Any CPU.Build.0 = Release|Any CPU
		{CF4DA1CD-A303-49C4-9DE2-446856334A74}.Debug|Any CPU.ActiveCfg = Debug|Any CPU
		{CF4DA1CD-A303-49C4-9DE2-446856334A74}.Debug|Any CPU.Build.0 = Debug|Any CPU
		{CF4DA1CD-A303-49C4-9DE2-446856334A74}.Release|Any CPU.ActiveCfg = Release|Any CPU
		{CF4DA1CD-A303-49C4-9DE2-446856334A74}.Release|Any CPU.Build.0 = Release|Any CPU
	EndGlobalSection
EndGlobal
