
Microsoft Visual Studio Solution File, Format Version 12.00
Project("{F2A71F9B-5D33-465A-A702-920D77279786}") = "NxPlx", "NxPlx\NxPlx.fsproj", "{8418D65F-F0D0-491E-A9C6-2FD6F04B1854}"
EndProject
Global
	GlobalSection(SolutionConfigurationPlatforms) = preSolution
		Debug|Any CPU = Debug|Any CPU
		Release|Any CPU = Release|Any CPU
	EndGlobalSection
	GlobalSection(ProjectConfigurationPlatforms) = postSolution
		{8418D65F-F0D0-491E-A9C6-2FD6F04B1854}.Debug|Any CPU.ActiveCfg = Debug|Any CPU
		{8418D65F-F0D0-491E-A9C6-2FD6F04B1854}.Debug|Any CPU.Build.0 = Debug|Any CPU
		{8418D65F-F0D0-491E-A9C6-2FD6F04B1854}.Release|Any CPU.ActiveCfg = Release|Any CPU
		{8418D65F-F0D0-491E-A9C6-2FD6F04B1854}.Release|Any CPU.Build.0 = Release|Any CPU
	EndGlobalSection
EndGlobal
